#
# This file is autogenerated by pip-compile with python 3.7
# To update, run:
#
#    pip-compile --extra=dev --extra=examples --output-file=requirements.lock
#
attrs==21.2.0
    # via pytest
backports.entry-points-selectable==1.1.0
    # via virtualenv
cfgv==3.3.1
    # via pre-commit
click==8.0.1
    # via disk-objectstore (setup.py)
coverage==5.5
    # via
    #   disk-objectstore (setup.py)
    #   pytest-cov
distlib==0.3.2
    # via virtualenv
filelock==3.0.12
    # via virtualenv
greenlet==1.1.1
    # via sqlalchemy
identify==2.2.13
    # via pre-commit
importlib-metadata==4.7.1
    # via
    #   click
    #   pluggy
    #   pre-commit
    #   pytest
    #   sqlalchemy
    #   virtualenv
iniconfig==1.1.1
    # via pytest
memory-profiler==0.58.0
    # via disk-objectstore (setup.py)
nodeenv==1.6.0
    # via pre-commit
packaging==21.0
    # via pytest
platformdirs==2.2.0
    # via virtualenv
pluggy==0.13.1
    # via pytest
pre-commit==2.14.0
    # via disk-objectstore (setup.py)
profilehooks==1.12.0
    # via disk-objectstore (setup.py)
psutil==5.8.0
    # via
    #   disk-objectstore (setup.py)
    #   memory-profiler
py==1.10.0
    # via pytest
py-cpuinfo==8.0.0
    # via pytest-benchmark
pyparsing==2.4.7
    # via packaging
pytest==6.2.4
    # via
    #   disk-objectstore (setup.py)
    #   pytest-benchmark
    #   pytest-cov
pytest-benchmark==3.4.1
    # via disk-objectstore (setup.py)
pytest-cov==2.12.1
    # via disk-objectstore (setup.py)
pyyaml==5.4.1
    # via pre-commit
six==1.16.0
    # via virtualenv
sqlalchemy==1.4.23
    # via disk-objectstore (setup.py)
toml==0.10.2
    # via
    #   pre-commit
    #   pytest
    #   pytest-cov
typing-extensions==3.10.0.0 ; python_version < "3.8"
    # via
    #   disk-objectstore (setup.py)
    #   importlib-metadata
virtualenv==20.7.2
    # via pre-commit
zipp==3.5.0
    # via importlib-metadata

# added manually
pywin32==228; platform_system == "Windows"
