#
# This file is autogenerated by pip-compile with Python 3.8
# by the following command:
#
#    pip-compile --extra=dev --extra=examples --output-file=requirements.lock
#

## Also add these lines manually
# added manually
pywin32==306; platform_system == "Windows"

cfgv==3.3.1
    # via pre-commit
click==8.1.3
    # via disk-objectstore (setup.py)
coverage[toml]==7.2.7
    # via
    #   disk-objectstore (setup.py)
    #   pytest-cov
distlib==0.3.6
    # via virtualenv
exceptiongroup==1.1.1
    # via pytest
filelock==3.12.2
    # via virtualenv
greenlet==2.0.2
    # via sqlalchemy
identify==2.5.24
    # via pre-commit
iniconfig==2.0.0
    # via pytest
memory-profiler==0.61.0
    # via disk-objectstore (setup.py)
nodeenv==1.8.0
    # via pre-commit
packaging==23.1
    # via pytest
platformdirs==3.7.0
    # via virtualenv
pluggy==1.2.0
    # via pytest
pre-commit==3.3.3
    # via disk-objectstore (setup.py)
profilehooks==1.12.0
    # via disk-objectstore (setup.py)
psutil==5.9.5
    # via
    #   disk-objectstore (setup.py)
    #   memory-profiler
py-cpuinfo==9.0.0
    # via pytest-benchmark
pytest==7.3.2
    # via
    #   disk-objectstore (setup.py)
    #   pytest-benchmark
    #   pytest-cov
pytest-benchmark==4.0.0
    # via disk-objectstore (setup.py)
pytest-cov==4.1.0
    # via disk-objectstore (setup.py)
pyyaml==6.0.1
    # via pre-commit
sqlalchemy==1.4.48
    # via disk-objectstore (setup.py)
tomli==2.0.1
    # via
    #   coverage
    #   pytest
virtualenv==20.23.1
    # via pre-commit

# The following packages are considered to be unsafe in a requirements file:
# setuptools
